
Microsoft Visual Studio Solution File, Format Version 12.00
# Visual Studio 2013
VisualStudioVersion = 12.0.21005.1
MinimumVisualStudioVersion = 10.0.40219.1
Project("{FAE04EC0-301F-11D3-BF4B-00C04F79EFBC}") = "Model", "Model\Model.csproj", "{2C203784-C84F-4CB7-924F-2FB86CFC8D32}"
EndProject
Project("{FAE04EC0-301F-11D3-BF4B-00C04F79EFBC}") = "DAL", "DAL\DAL.csproj", "{5E028DE7-E983-4A66-B758-ABA82EFEEE18}"
EndProject
Project("{FAE04EC0-301F-11D3-BF4B-00C04F79EFBC}") = "BLL", "BLL\BLL.csproj", "{F8DE4EA7-3287-4137-821D-E9D56E35B48D}"
EndProject
Project("{E24C65DC-7377-472B-9ABA-BC803B73C61A}") = "pageUI", "http://localhost:49191", "{8BF77333-FD18-4482-A688-761B25E8555E}"
	ProjectSection(WebsiteProperties) = preProject
		UseIISExpress = "true"
		TargetFrameworkMoniker = ".NETFramework,Version%3Dv4.0"
		ProjectReferences = "{f8de4ea7-3287-4137-821d-e9d56e35b48d}|BLL.dll;{5e028de7-e983-4a66-b758-aba82efeee18}|DAL.dll;{2c203784-c84f-4cb7-924f-2fb86cfc8d32}|Model.dll;"
		Debug.AspNetCompiler.VirtualPath = "/localhost_49191"
		Debug.AspNetCompiler.PhysicalPath = "..\WEB\pageUI\"
		Debug.AspNetCompiler.TargetPath = "PrecompiledWeb\localhost_49191\"
		Debug.AspNetCompiler.Updateable = "true"
		Debug.AspNetCompiler.ForceOverwrite = "true"
		Debug.AspNetCompiler.FixedNames = "false"
		Debug.AspNetCompiler.Debug = "True"
		Release.AspNetCompiler.VirtualPath = "/localhost_49191"
		Release.AspNetCompiler.PhysicalPath = "..\WEB\pageUI\"
		Release.AspNetCompiler.TargetPath = "PrecompiledWeb\localhost_49191\"
		Release.AspNetCompiler.Updateable = "true"
		Release.AspNetCompiler.ForceOverwrite = "true"
		Release.AspNetCompiler.FixedNames = "false"
		Release.AspNetCompiler.Debug = "False"
		SlnRelativePath = "..\WEB\pageUI\"
		DefaultWebSiteLanguage = "Visual C#"
	EndProjectSection
EndProject
Global
	GlobalSection(SolutionConfigurationPlatforms) = preSolution
		Debug|Any CPU = Debug|Any CPU
		Release|Any CPU = Release|Any CPU
	EndGlobalSection
	GlobalSection(ProjectConfigurationPlatforms) = postSolution
		{2C203784-C84F-4CB7-924F-2FB86CFC8D32}.Debug|Any CPU.ActiveCfg = Debug|Any CPU
		{2C203784-C84F-4CB7-924F-2FB86CFC8D32}.Debug|Any CPU.Build.0 = Debug|Any CPU
		{2C203784-C84F-4CB7-924F-2FB86CFC8D32}.Release|Any CPU.ActiveCfg = Release|Any CPU
		{2C203784-C84F-4CB7-924F-2FB86CFC8D32}.Release|Any CPU.Build.0 = Release|Any CPU
		{5E028DE7-E983-4A66-B758-ABA82EFEEE18}.Debug|Any CPU.ActiveCfg = Debug|Any CPU
		{5E028DE7-E983-4A66-B758-ABA82EFEEE18}.Debug|Any CPU.Build.0 = Debug|Any CPU
		{5E028DE7-E983-4A66-B758-ABA82EFEEE18}.Release|Any CPU.ActiveCfg = Release|Any CPU
		{5E028DE7-E983-4A66-B758-ABA82EFEEE18}.Release|Any CPU.Build.0 = Release|Any CPU
		{F8DE4EA7-3287-4137-821D-E9D56E35B48D}.Debug|Any CPU.ActiveCfg = Debug|Any CPU
		{F8DE4EA7-3287-4137-821D-E9D56E35B48D}.Debug|Any CPU.Build.0 = Debug|Any CPU
		{F8DE4EA7-3287-4137-821D-E9D56E35B48D}.Release|Any CPU.ActiveCfg = Release|Any CPU
		{F8DE4EA7-3287-4137-821D-E9D56E35B48D}.Release|Any CPU.Build.0 = Release|Any CPU
		{8BF77333-FD18-4482-A688-761B25E8555E}.Debug|Any CPU.ActiveCfg = Debug|Any CPU
		{8BF77333-FD18-4482-A688-761B25E8555E}.Debug|Any CPU.Build.0 = Debug|Any CPU
		{8BF77333-FD18-4482-A688-761B25E8555E}.Release|Any CPU.ActiveCfg = Debug|Any CPU
		{8BF77333-FD18-4482-A688-761B25E8555E}.Release|Any CPU.Build.0 = Debug|Any CPU
	EndGlobalSection
	GlobalSection(SolutionProperties) = preSolution
		HideSolutionNode = FALSE
	EndGlobalSection
EndGlobal
